<?xml version="1.0" encoding="UTF-8"?>
<CONFIG>
  <ProjectOptions>
    <Version Value="9"/>
    <PathDelim Value="\"/>
    <General>
      <SessionStorage Value="InProjectDir"/>
      <MainUnit Value="0"/>
      <Title Value="espluatool"/>
      <ResourceType Value="res"/>
      <UseXPManifest Value="True"/>
      <Icon Value="0"/>
    </General>
    <i18n>
      <EnableI18N LFM="False"/>
    </i18n>
    <VersionInfo>
      <StringTable ProductVersion=""/>
    </VersionInfo>
    <BuildModes Count="1">
      <Item1 Name="Default" Default="True"/>
    </BuildModes>
    <PublishOptions>
      <Version Value="2"/>
    </PublishOptions>
    <RunParams>
      <local>
        <FormatVersion Value="1"/>
<<<<<<< HEAD
        <CommandLineParams Value="-p COM6 -b 9600 -wc &quot;c:\init.lua&quot;"/>
=======
>>>>>>> 0bfc61bca127bbf56f8ce63db5663cd99e9b60d7
      </local>
    </RunParams>
    <RequiredPackages Count="2">
      <Item1>
        <PackageName Value="CPortLib10"/>
      </Item1>
      <Item2>
        <PackageName Value="LCL"/>
      </Item2>
    </RequiredPackages>
<<<<<<< HEAD
    <Units Count="5">
=======
    <Units Count="3">
>>>>>>> 0bfc61bca127bbf56f8ce63db5663cd99e9b60d7
      <Unit0>
        <Filename Value="espluatool.lpr"/>
        <IsPartOfProject Value="True"/>
        <UnitName Value="espluatool"/>
      </Unit0>
      <Unit1>
        <Filename Value="main_f.pas"/>
        <IsPartOfProject Value="True"/>
        <ComponentName Value="Form1"/>
<<<<<<< HEAD
        <HasResources Value="True"/>
=======
>>>>>>> 0bfc61bca127bbf56f8ce63db5663cd99e9b60d7
        <ResourceBaseClass Value="Form"/>
        <UnitName Value="main_f"/>
      </Unit1>
      <Unit2>
        <Filename Value="espluaaction.pas"/>
        <IsPartOfProject Value="True"/>
        <UnitName Value="espluaaction"/>
      </Unit2>
<<<<<<< HEAD
      <Unit3>
        <Filename Value="espluaproperties.pas"/>
        <IsPartOfProject Value="True"/>
        <UnitName Value="espluaproperties"/>
      </Unit3>
      <Unit4>
        <Filename Value="esplualog.pas"/>
        <IsPartOfProject Value="True"/>
        <UnitName Value="esplualog"/>
      </Unit4>
=======
>>>>>>> 0bfc61bca127bbf56f8ce63db5663cd99e9b60d7
    </Units>
  </ProjectOptions>
  <CompilerOptions>
    <Version Value="11"/>
    <PathDelim Value="\"/>
    <Target>
      <Filename Value="d:\Lazarus\!project\espluatool\bin\espluatool"/>
    </Target>
    <SearchPaths>
      <IncludeFiles Value="$(ProjOutDir)"/>
      <UnitOutputDirectory Value="lib\$(TargetCPU)-$(TargetOS)"/>
    </SearchPaths>
    <CodeGeneration>
      <SmartLinkUnit Value="True"/>
      <Optimizations>
        <OptimizationLevel Value="3"/>
      </Optimizations>
    </CodeGeneration>
    <Linking>
      <Debugging>
        <UseExternalDbgSyms Value="True"/>
      </Debugging>
      <LinkSmart Value="True"/>
      <Options>
        <Win32>
          <GraphicApplication Value="True"/>
        </Win32>
      </Options>
    </Linking>
    <Other>
      <CompilerMessages>
        <MsgFileName Value=""/>
      </CompilerMessages>
      <CompilerPath Value="$(CompPath)"/>
    </Other>
  </CompilerOptions>
  <Debugging>
    <Exceptions Count="4">
      <Item1>
        <Name Value="EAbort"/>
      </Item1>
      <Item2>
        <Name Value="ECodetoolError"/>
      </Item2>
      <Item3>
        <Name Value="EFOpenError"/>
      </Item3>
      <Item4>
        <Name Value="EComPort"/>
      </Item4>
    </Exceptions>
  </Debugging>
</CONFIG>
